// !$*UTF8*$!
{
	archiveVersion = 1;
	classes = {
	};
	objectVersion = 46;
	objects = {

/* Begin PBXBuildFile section */
		33C70E0DC961AD09313B5755 /* Pods_Iryo_App.framework in Frameworks */ = {isa = PBXBuildFile; fileRef = 6C00D3002AA8A8CE054F84DD /* Pods_Iryo_App.framework */; };
		5E1965671C037E0100D3D3BC /* kind.ttf in Resources */ = {isa = PBXBuildFile; fileRef = 5E1965661C037E0100D3D3BC /* kind.ttf */; };
		5E232A3E1B3D4ECC004A34BD /* Article3.swift in Sources */ = {isa = PBXBuildFile; fileRef = 5E232A3D1B3D4ECC004A34BD /* Article3.swift */; };
		5E232A471B3D5427004A34BD /* b_simple_124_2M.png in Resources */ = {isa = PBXBuildFile; fileRef = 5E232A3F1B3D5427004A34BD /* b_simple_124_2M.png */; };
		5E232A481B3D5427004A34BD /* finger-icon05_r1_c4.png in Resources */ = {isa = PBXBuildFile; fileRef = 5E232A401B3D5427004A34BD /* finger-icon05_r1_c4.png */; };
		5E232A491B3D5427004A34BD /* finger-icon05_r1_c42.png in Resources */ = {isa = PBXBuildFile; fileRef = 5E232A411B3D5427004A34BD /* finger-icon05_r1_c42.png */; };
		5E232A4A1B3D5427004A34BD /* おじいさん２.png in Resources */ = {isa = PBXBuildFile; fileRef = 5E232A421B3D5427004A34BD /* おじいさん２.png */; };
		5E232A4B1B3D5427004A34BD /* 医師.png in Resources */ = {isa = PBXBuildFile; fileRef = 5E232A431B3D5427004A34BD /* 医師.png */; };
		5E232A4C1B3D5427004A34BD /* 奥さん.png in Resources */ = {isa = PBXBuildFile; fileRef = 5E232A441B3D5427004A34BD /* 奥さん.png */; };
		5E232A4D1B3D5427004A34BD /* 奥さん2.png in Resources */ = {isa = PBXBuildFile; fileRef = 5E232A451B3D5427004A34BD /* 奥さん2.png */; };
		5E232A4E1B3D5427004A34BD /* 矢印２.png in Resources */ = {isa = PBXBuildFile; fileRef = 5E232A461B3D5427004A34BD /* 矢印２.png */; };
		5E232A501B3D5B6A004A34BD /* com3.swift in Sources */ = {isa = PBXBuildFile; fileRef = 5E232A4F1B3D5B6A004A34BD /* com3.swift */; };
		5E232A521B3D5C95004A34BD /* Article4.swift in Sources */ = {isa = PBXBuildFile; fileRef = 5E232A511B3D5C95004A34BD /* Article4.swift */; };
		5E232A541B3D5CAB004A34BD /* com4.swift in Sources */ = {isa = PBXBuildFile; fileRef = 5E232A531B3D5CAB004A34BD /* com4.swift */; };
		5E232A561B3D604D004A34BD /* b_simple_124_2L.png in Resources */ = {isa = PBXBuildFile; fileRef = 5E232A551B3D604D004A34BD /* b_simple_124_2L.png */; };
		5E232A581B3D607D004A34BD /* Checklist.swift in Sources */ = {isa = PBXBuildFile; fileRef = 5E232A571B3D607D004A34BD /* Checklist.swift */; };
		5E36D23C1B612C520053FBD9 /* Speaker_mute.png in Resources */ = {isa = PBXBuildFile; fileRef = 5E36D23A1B612C520053FBD9 /* Speaker_mute.png */; };
		5E36D23D1B612C520053FBD9 /* Speaker_play.png in Resources */ = {isa = PBXBuildFile; fileRef = 5E36D23B1B612C520053FBD9 /* Speaker_play.png */; };
		5E40CCD21B32E325007DE681 /* Menu.swift in Sources */ = {isa = PBXBuildFile; fileRef = 5E40CCD01B32E2B4007DE681 /* Menu.swift */; };
		5E4E0BF01BFF6E0000297B18 /* IntentionView.swift in Sources */ = {isa = PBXBuildFile; fileRef = 5E4E0BEF1BFF6E0000297B18 /* IntentionView.swift */; };
		5E4E0BF21BFF6EBA00297B18 /* TopicView.swift in Sources */ = {isa = PBXBuildFile; fileRef = 5E4E0BF11BFF6EBA00297B18 /* TopicView.swift */; };
		5E4E0BF41BFF6ED700297B18 /* TipsView.swift in Sources */ = {isa = PBXBuildFile; fileRef = 5E4E0BF31BFF6ED600297B18 /* TipsView.swift */; };
		5E4E0C331C00BB0200297B18 /* IntentionCell.swift in Sources */ = {isa = PBXBuildFile; fileRef = 5E4E0C321C00BB0200297B18 /* IntentionCell.swift */; };
		5E4E0C351C00BB1000297B18 /* TopicCell.swift in Sources */ = {isa = PBXBuildFile; fileRef = 5E4E0C341C00BB1000297B18 /* TopicCell.swift */; };
		5E4E0C371C00BB1A00297B18 /* TipsCell.swift in Sources */ = {isa = PBXBuildFile; fileRef = 5E4E0C361C00BB1A00297B18 /* TipsCell.swift */; };
		5E4E0C391C00F26500297B18 /* intentionData.csv in Resources */ = {isa = PBXBuildFile; fileRef = 5E4E0C381C00F26500297B18 /* intentionData.csv */; };
		5E69F2C71B3A6A82005877DC /* BaseArticleViewController.swift in Sources */ = {isa = PBXBuildFile; fileRef = 5E69F2C61B3A6A82005877DC /* BaseArticleViewController.swift */; };
		5E69F2C91B3A85C6005877DC /* Article5.swift in Sources */ = {isa = PBXBuildFile; fileRef = 5E69F2C81B3A85C6005877DC /* Article5.swift */; };
		5E77311E1BF33DCD0036AE71 /* Main.storyboard in Resources */ = {isa = PBXBuildFile; fileRef = 5E77311C1BF33DCD0036AE71 /* Main.storyboard */; };
		5E7A88EC1BF5D01500CCC68B /* Constants.swift in Sources */ = {isa = PBXBuildFile; fileRef = 5E7A88EB1BF5D01500CCC68B /* Constants.swift */; };
		5E7A88EE1BF5D02D00CCC68B /* SCLAlertView.swift in Sources */ = {isa = PBXBuildFile; fileRef = 5E7A88ED1BF5D02D00CCC68B /* SCLAlertView.swift */; };
		5E7A88F01BF5D04D00CCC68B /* TalkView.swift in Sources */ = {isa = PBXBuildFile; fileRef = 5E7A88EF1BF5D04D00CCC68B /* TalkView.swift */; };
		5E7A88F21BF5D07A00CCC68B /* PaintVC.swift in Sources */ = {isa = PBXBuildFile; fileRef = 5E7A88F11BF5D07A00CCC68B /* PaintVC.swift */; };
		5E7A88F51BF5D0BB00CCC68B /* BaseTalkViewCell.swift in Sources */ = {isa = PBXBuildFile; fileRef = 5E7A88F41BF5D0BB00CCC68B /* BaseTalkViewCell.swift */; };
		5E7B8BBC1BFDF1F700BBBBF0 /* WelcomeTalkVC.swift in Sources */ = {isa = PBXBuildFile; fileRef = 5E7B8BBB1BFDF1F700BBBBF0 /* WelcomeTalkVC.swift */; };
		5E7DADB41B3826B800B9798D /* Menu2.swift in Sources */ = {isa = PBXBuildFile; fileRef = 5E7DADB31B3826B800B9798D /* Menu2.swift */; };
		5E7DADB61B38882800B9798D /* Menu3.swift in Sources */ = {isa = PBXBuildFile; fileRef = 5E7DADB51B38882800B9798D /* Menu3.swift */; };
		5E85887D1BFB5D8D00CC5269 /* book_tate.png in Resources */ = {isa = PBXBuildFile; fileRef = 5E85887C1BFB5D8D00CC5269 /* book_tate.png */; };
		5E85887F1BFB5E1400CC5269 /* にこり.png in Resources */ = {isa = PBXBuildFile; fileRef = 5E85887E1BFB5E1400CC5269 /* にこり.png */; };
		5E8588811BFB5E2000CC5269 /* tabi_camera_nikki.png in Resources */ = {isa = PBXBuildFile; fileRef = 5E8588801BFB5E2000CC5269 /* tabi_camera_nikki.png */; };
		5E8588831BFB5E2C00CC5269 /* roujin_TVdenwa.png in Resources */ = {isa = PBXBuildFile; fileRef = 5E8588821BFB5E2C00CC5269 /* roujin_TVdenwa.png */; };
		5E8588851BFB5E3500CC5269 /* right11.png in Resources */ = {isa = PBXBuildFile; fileRef = 5E8588841BFB5E3500CC5269 /* right11.png */; };
		5E8588871BFB5E4200CC5269 /* left222.png in Resources */ = {isa = PBXBuildFile; fileRef = 5E8588861BFB5E4200CC5269 /* left222.png */; };
		5E8588891BFB5E5A00CC5269 /* album_photo.png in Resources */ = {isa = PBXBuildFile; fileRef = 5E8588881BFB5E5A00CC5269 /* album_photo.png */; };
		5E88AD411B3523BD007679A7 /* homeImg.png in Resources */ = {isa = PBXBuildFile; fileRef = 5E88AD401B3523BD007679A7 /* homeImg.png */; };
		5E88AD431B352B66007679A7 /* pic_family.png in Resources */ = {isa = PBXBuildFile; fileRef = 5E88AD421B352B66007679A7 /* pic_family.png */; };
		5E8B69371B4B42C2006E12B1 /* CustomNavigationBar.swift in Sources */ = {isa = PBXBuildFile; fileRef = 5E8B69361B4B42C2006E12B1 /* CustomNavigationBar.swift */; };
		5E8B693A1B4B76B4006E12B1 /* Extension.swift in Sources */ = {isa = PBXBuildFile; fileRef = 5E8B69391B4B76B4006E12B1 /* Extension.swift */; };
		5E94DA931BF5EA1D006D7A56 /* PhotoDetailVC.swift in Sources */ = {isa = PBXBuildFile; fileRef = 5E94DA921BF5EA1D006D7A56 /* PhotoDetailVC.swift */; };
		5E94DA951BFB591F006D7A56 /* Reachability.swift in Sources */ = {isa = PBXBuildFile; fileRef = 5E94DA941BFB591E006D7A56 /* Reachability.swift */; };
		5E94DA971BFC41D4006D7A56 /* PostDetailVC.swift in Sources */ = {isa = PBXBuildFile; fileRef = 5E94DA961BFC41D4006D7A56 /* PostDetailVC.swift */; };
		5EAC1F3D1B33162400473C38 /* testFont1.ttf in Resources */ = {isa = PBXBuildFile; fileRef = 5EAC1F3B1B33132400473C38 /* testFont1.ttf */; };
		5EAC1F3F1B3316C700473C38 /* ipaexm.ttf in Resources */ = {isa = PBXBuildFile; fileRef = 5EAC1F3E1B3316C700473C38 /* ipaexm.ttf */; };
		5EAC1F421B3339A500473C38 /* Article1.swift in Sources */ = {isa = PBXBuildFile; fileRef = 5EAC1F411B3339A500473C38 /* Article1.swift */; };
		5EAE707B1BD8CC5700893373 /* album.swift in Sources */ = {isa = PBXBuildFile; fileRef = 5EAE707A1BD8CC5700893373 /* album.swift */; };
		5EAE707D1BD8CC6D00893373 /* HowtoUse.swift in Sources */ = {isa = PBXBuildFile; fileRef = 5EAE707C1BD8CC6D00893373 /* HowtoUse.swift */; };
		5EAE707F1BD8CFF900893373 /* camera.swift in Sources */ = {isa = PBXBuildFile; fileRef = 5EAE707E1BD8CFF900893373 /* camera.swift */; };
		5EB9E3141B2832A9005B7951 /* AppDelegate.swift in Sources */ = {isa = PBXBuildFile; fileRef = 5EB9E3131B2832A9005B7951 /* AppDelegate.swift */; };
		5EB9E3161B2832A9005B7951 /* ViewController.swift in Sources */ = {isa = PBXBuildFile; fileRef = 5EB9E3151B2832A9005B7951 /* ViewController.swift */; };
		5EB9E31B1B2832A9005B7951 /* Images.xcassets in Resources */ = {isa = PBXBuildFile; fileRef = 5EB9E31A1B2832A9005B7951 /* Images.xcassets */; };
		5EB9E31E1B2832A9005B7951 /* LaunchScreen.xib in Resources */ = {isa = PBXBuildFile; fileRef = 5EB9E31C1B2832A9005B7951 /* LaunchScreen.xib */; };
		5EB9E32A1B2832A9005B7951 /* Iryo_AppTests.swift in Sources */ = {isa = PBXBuildFile; fileRef = 5EB9E3291B2832A9005B7951 /* Iryo_AppTests.swift */; };
		5EBBC1B31C149FB0009D65B7 /* topicData.csv in Resources */ = {isa = PBXBuildFile; fileRef = 5EBBC1B21C149FB0009D65B7 /* topicData.csv */; };
		5EBBC1B51C149FDC009D65B7 /* tipsData.csv in Resources */ = {isa = PBXBuildFile; fileRef = 5EBBC1B41C149FDC009D65B7 /* tipsData.csv */; };
		5EBF6EDE1BF32B0700295C7F /* cc-library010009109zzavm.jpg in Resources */ = {isa = PBXBuildFile; fileRef = 5EBF6EDD1BF32B0700295C7F /* cc-library010009109zzavm.jpg */; };
		5EBF6EE01BF32B1400295C7F /* 背景.png in Resources */ = {isa = PBXBuildFile; fileRef = 5EBF6EDF1BF32B1400295C7F /* 背景.png */; };
		5EDBF09D1BD7E34000973D30 /* CustomCell.swift in Sources */ = {isa = PBXBuildFile; fileRef = 5EDBF09C1BD7E34000973D30 /* CustomCell.swift */; };
		5EF6AEAD1BE65C4B009D8E60 /* Top.swift in Sources */ = {isa = PBXBuildFile; fileRef = 5EF6AEAC1BE65C4B009D8E60 /* Top.swift */; };
		5EF6AEB71BEB3A89009D8E60 /* picture2.swift in Sources */ = {isa = PBXBuildFile; fileRef = 5EF6AEB61BEB3A88009D8E60 /* picture2.swift */; };
		9CE41DF91B3920CE00FEC8D4 /* Article2.swift in Sources */ = {isa = PBXBuildFile; fileRef = 9CE41DF81B3920CE00FEC8D4 /* Article2.swift */; };
/* End PBXBuildFile section */

/* Begin PBXContainerItemProxy section */
		5EB9E3241B2832A9005B7951 /* PBXContainerItemProxy */ = {
			isa = PBXContainerItemProxy;
			containerPortal = 5EB9E3061B2832A9005B7951 /* Project object */;
			proxyType = 1;
			remoteGlobalIDString = 5EB9E30D1B2832A9005B7951;
			remoteInfo = Iryo_App;
		};
/* End PBXContainerItemProxy section */

/* Begin PBXFileReference section */
		26290DFC9D42914B8B1EA88B /* Pods-Iryo_App.release.xcconfig */ = {isa = PBXFileReference; includeInIndex = 1; lastKnownFileType = text.xcconfig; name = "Pods-Iryo_App.release.xcconfig"; path = "Pods/Target Support Files/Pods-Iryo_App/Pods-Iryo_App.release.xcconfig"; sourceTree = "<group>"; };
		5319233DCDCB6E2EB52F1702 /* Pods-Iryo_App.debug.xcconfig */ = {isa = PBXFileReference; includeInIndex = 1; lastKnownFileType = text.xcconfig; name = "Pods-Iryo_App.debug.xcconfig"; path = "Pods/Target Support Files/Pods-Iryo_App/Pods-Iryo_App.debug.xcconfig"; sourceTree = "<group>"; };
		5E1965661C037E0100D3D3BC /* kind.ttf */ = {isa = PBXFileReference; lastKnownFileType = file; path = kind.ttf; sourceTree = "<group>"; };
		5E232A3D1B3D4ECC004A34BD /* Article3.swift */ = {isa = PBXFileReference; fileEncoding = 4; lastKnownFileType = sourcecode.swift; path = Article3.swift; sourceTree = "<group>"; };
		5E232A3F1B3D5427004A34BD /* b_simple_124_2M.png */ = {isa = PBXFileReference; lastKnownFileType = image.png; path = b_simple_124_2M.png; sourceTree = "<group>"; };
		5E232A401B3D5427004A34BD /* finger-icon05_r1_c4.png */ = {isa = PBXFileReference; lastKnownFileType = image.png; path = "finger-icon05_r1_c4.png"; sourceTree = "<group>"; };
		5E232A411B3D5427004A34BD /* finger-icon05_r1_c42.png */ = {isa = PBXFileReference; lastKnownFileType = image.png; path = "finger-icon05_r1_c42.png"; sourceTree = "<group>"; };
		5E232A421B3D5427004A34BD /* おじいさん２.png */ = {isa = PBXFileReference; lastKnownFileType = image.png; path = "おじいさん２.png"; sourceTree = "<group>"; };
		5E232A431B3D5427004A34BD /* 医師.png */ = {isa = PBXFileReference; lastKnownFileType = image.png; path = "医師.png"; sourceTree = "<group>"; };
		5E232A441B3D5427004A34BD /* 奥さん.png */ = {isa = PBXFileReference; lastKnownFileType = image.png; path = "奥さん.png"; sourceTree = "<group>"; };
		5E232A451B3D5427004A34BD /* 奥さん2.png */ = {isa = PBXFileReference; lastKnownFileType = image.png; path = "奥さん2.png"; sourceTree = "<group>"; };
		5E232A461B3D5427004A34BD /* 矢印２.png */ = {isa = PBXFileReference; lastKnownFileType = image.png; path = "矢印２.png"; sourceTree = "<group>"; };
		5E232A4F1B3D5B6A004A34BD /* com3.swift */ = {isa = PBXFileReference; fileEncoding = 4; lastKnownFileType = sourcecode.swift; path = com3.swift; sourceTree = "<group>"; };
		5E232A511B3D5C95004A34BD /* Article4.swift */ = {isa = PBXFileReference; fileEncoding = 4; lastKnownFileType = sourcecode.swift; path = Article4.swift; sourceTree = "<group>"; };
		5E232A531B3D5CAB004A34BD /* com4.swift */ = {isa = PBXFileReference; fileEncoding = 4; lastKnownFileType = sourcecode.swift; path = com4.swift; sourceTree = "<group>"; };
		5E232A551B3D604D004A34BD /* b_simple_124_2L.png */ = {isa = PBXFileReference; lastKnownFileType = image.png; path = b_simple_124_2L.png; sourceTree = "<group>"; };
		5E232A571B3D607D004A34BD /* Checklist.swift */ = {isa = PBXFileReference; fileEncoding = 4; lastKnownFileType = sourcecode.swift; path = Checklist.swift; sourceTree = "<group>"; };
		5E36D23A1B612C520053FBD9 /* Speaker_mute.png */ = {isa = PBXFileReference; lastKnownFileType = image.png; path = Speaker_mute.png; sourceTree = "<group>"; };
		5E36D23B1B612C520053FBD9 /* Speaker_play.png */ = {isa = PBXFileReference; lastKnownFileType = image.png; path = Speaker_play.png; sourceTree = "<group>"; };
		5E40CCD01B32E2B4007DE681 /* Menu.swift */ = {isa = PBXFileReference; fileEncoding = 4; lastKnownFileType = sourcecode.swift; path = Menu.swift; sourceTree = "<group>"; };
		5E4E0BEF1BFF6E0000297B18 /* IntentionView.swift */ = {isa = PBXFileReference; fileEncoding = 4; lastKnownFileType = sourcecode.swift; path = IntentionView.swift; sourceTree = "<group>"; };
		5E4E0BF11BFF6EBA00297B18 /* TopicView.swift */ = {isa = PBXFileReference; fileEncoding = 4; lastKnownFileType = sourcecode.swift; path = TopicView.swift; sourceTree = "<group>"; };
		5E4E0BF31BFF6ED600297B18 /* TipsView.swift */ = {isa = PBXFileReference; fileEncoding = 4; lastKnownFileType = sourcecode.swift; path = TipsView.swift; sourceTree = "<group>"; };
		5E4E0C321C00BB0200297B18 /* IntentionCell.swift */ = {isa = PBXFileReference; fileEncoding = 4; lastKnownFileType = sourcecode.swift; path = IntentionCell.swift; sourceTree = "<group>"; };
		5E4E0C341C00BB1000297B18 /* TopicCell.swift */ = {isa = PBXFileReference; fileEncoding = 4; lastKnownFileType = sourcecode.swift; path = TopicCell.swift; sourceTree = "<group>"; };
		5E4E0C361C00BB1A00297B18 /* TipsCell.swift */ = {isa = PBXFileReference; fileEncoding = 4; lastKnownFileType = sourcecode.swift; path = TipsCell.swift; sourceTree = "<group>"; };
		5E4E0C381C00F26500297B18 /* intentionData.csv */ = {isa = PBXFileReference; fileEncoding = 4; lastKnownFileType = text; path = intentionData.csv; sourceTree = "<group>"; };
		5E69F2C61B3A6A82005877DC /* BaseArticleViewController.swift */ = {isa = PBXFileReference; fileEncoding = 4; lastKnownFileType = sourcecode.swift; path = BaseArticleViewController.swift; sourceTree = "<group>"; };
		5E69F2C81B3A85C6005877DC /* Article5.swift */ = {isa = PBXFileReference; fileEncoding = 4; lastKnownFileType = sourcecode.swift; path = Article5.swift; sourceTree = "<group>"; };
		5E77311D1BF33DCD0036AE71 /* Base */ = {isa = PBXFileReference; lastKnownFileType = file.storyboard; name = Base; path = Base.lproj/Main.storyboard; sourceTree = "<group>"; };
		5E7A88EB1BF5D01500CCC68B /* Constants.swift */ = {isa = PBXFileReference; fileEncoding = 4; lastKnownFileType = sourcecode.swift; path = Constants.swift; sourceTree = "<group>"; };
		5E7A88ED1BF5D02D00CCC68B /* SCLAlertView.swift */ = {isa = PBXFileReference; fileEncoding = 4; lastKnownFileType = sourcecode.swift; path = SCLAlertView.swift; sourceTree = "<group>"; };
		5E7A88EF1BF5D04D00CCC68B /* TalkView.swift */ = {isa = PBXFileReference; fileEncoding = 4; lastKnownFileType = sourcecode.swift; path = TalkView.swift; sourceTree = "<group>"; };
		5E7A88F11BF5D07A00CCC68B /* PaintVC.swift */ = {isa = PBXFileReference; fileEncoding = 4; lastKnownFileType = sourcecode.swift; path = PaintVC.swift; sourceTree = "<group>"; };
		5E7A88F41BF5D0BB00CCC68B /* BaseTalkViewCell.swift */ = {isa = PBXFileReference; fileEncoding = 4; lastKnownFileType = sourcecode.swift; path = BaseTalkViewCell.swift; sourceTree = "<group>"; };
		5E7B8BBB1BFDF1F700BBBBF0 /* WelcomeTalkVC.swift */ = {isa = PBXFileReference; fileEncoding = 4; lastKnownFileType = sourcecode.swift; path = WelcomeTalkVC.swift; sourceTree = "<group>"; };
		5E7DADB31B3826B800B9798D /* Menu2.swift */ = {isa = PBXFileReference; fileEncoding = 4; lastKnownFileType = sourcecode.swift; path = Menu2.swift; sourceTree = "<group>"; };
		5E7DADB51B38882800B9798D /* Menu3.swift */ = {isa = PBXFileReference; fileEncoding = 4; lastKnownFileType = sourcecode.swift; path = Menu3.swift; sourceTree = "<group>"; };
		5E85887C1BFB5D8D00CC5269 /* book_tate.png */ = {isa = PBXFileReference; lastKnownFileType = image.png; path = book_tate.png; sourceTree = "<group>"; };
		5E85887E1BFB5E1400CC5269 /* にこり.png */ = {isa = PBXFileReference; lastKnownFileType = image.png; path = "にこり.png"; sourceTree = "<group>"; };
		5E8588801BFB5E2000CC5269 /* tabi_camera_nikki.png */ = {isa = PBXFileReference; lastKnownFileType = image.png; path = tabi_camera_nikki.png; sourceTree = "<group>"; };
		5E8588821BFB5E2C00CC5269 /* roujin_TVdenwa.png */ = {isa = PBXFileReference; lastKnownFileType = image.png; path = roujin_TVdenwa.png; sourceTree = "<group>"; };
		5E8588841BFB5E3500CC5269 /* right11.png */ = {isa = PBXFileReference; lastKnownFileType = image.png; path = right11.png; sourceTree = "<group>"; };
		5E8588861BFB5E4200CC5269 /* left222.png */ = {isa = PBXFileReference; lastKnownFileType = image.png; path = left222.png; sourceTree = "<group>"; };
		5E8588881BFB5E5A00CC5269 /* album_photo.png */ = {isa = PBXFileReference; lastKnownFileType = image.png; path = album_photo.png; sourceTree = "<group>"; };
		5E88AD401B3523BD007679A7 /* homeImg.png */ = {isa = PBXFileReference; lastKnownFileType = image.png; path = homeImg.png; sourceTree = "<group>"; };
		5E88AD421B352B66007679A7 /* pic_family.png */ = {isa = PBXFileReference; lastKnownFileType = image.png; path = pic_family.png; sourceTree = "<group>"; };
		5E8B69361B4B42C2006E12B1 /* CustomNavigationBar.swift */ = {isa = PBXFileReference; fileEncoding = 4; lastKnownFileType = sourcecode.swift; path = CustomNavigationBar.swift; sourceTree = "<group>"; };
		5E8B69391B4B76B4006E12B1 /* Extension.swift */ = {isa = PBXFileReference; fileEncoding = 4; lastKnownFileType = sourcecode.swift; path = Extension.swift; sourceTree = "<group>"; };
		5E94DA921BF5EA1D006D7A56 /* PhotoDetailVC.swift */ = {isa = PBXFileReference; fileEncoding = 4; lastKnownFileType = sourcecode.swift; path = PhotoDetailVC.swift; sourceTree = "<group>"; };
		5E94DA941BFB591E006D7A56 /* Reachability.swift */ = {isa = PBXFileReference; fileEncoding = 4; lastKnownFileType = sourcecode.swift; path = Reachability.swift; sourceTree = "<group>"; };
		5E94DA961BFC41D4006D7A56 /* PostDetailVC.swift */ = {isa = PBXFileReference; fileEncoding = 4; lastKnownFileType = sourcecode.swift; path = PostDetailVC.swift; sourceTree = "<group>"; };
		5EAC1F3B1B33132400473C38 /* testFont1.ttf */ = {isa = PBXFileReference; lastKnownFileType = file; path = testFont1.ttf; sourceTree = "<group>"; };
		5EAC1F3E1B3316C700473C38 /* ipaexm.ttf */ = {isa = PBXFileReference; lastKnownFileType = file; path = ipaexm.ttf; sourceTree = "<group>"; };
		5EAC1F411B3339A500473C38 /* Article1.swift */ = {isa = PBXFileReference; fileEncoding = 4; lastKnownFileType = sourcecode.swift; path = Article1.swift; sourceTree = "<group>"; };
		5EAE707A1BD8CC5700893373 /* album.swift */ = {isa = PBXFileReference; fileEncoding = 4; lastKnownFileType = sourcecode.swift; path = album.swift; sourceTree = "<group>"; };
		5EAE707C1BD8CC6D00893373 /* HowtoUse.swift */ = {isa = PBXFileReference; fileEncoding = 4; lastKnownFileType = sourcecode.swift; path = HowtoUse.swift; sourceTree = "<group>"; };
		5EAE707E1BD8CFF900893373 /* camera.swift */ = {isa = PBXFileReference; fileEncoding = 4; lastKnownFileType = sourcecode.swift; path = camera.swift; sourceTree = "<group>"; };
		5EB9E30E1B2832A9005B7951 /* Iryo_App.app */ = {isa = PBXFileReference; explicitFileType = wrapper.application; includeInIndex = 0; path = Iryo_App.app; sourceTree = BUILT_PRODUCTS_DIR; };
		5EB9E3121B2832A9005B7951 /* Info.plist */ = {isa = PBXFileReference; lastKnownFileType = text.plist.xml; path = Info.plist; sourceTree = "<group>"; };
		5EB9E3131B2832A9005B7951 /* AppDelegate.swift */ = {isa = PBXFileReference; lastKnownFileType = sourcecode.swift; path = AppDelegate.swift; sourceTree = "<group>"; };
		5EB9E3151B2832A9005B7951 /* ViewController.swift */ = {isa = PBXFileReference; lastKnownFileType = sourcecode.swift; path = ViewController.swift; sourceTree = "<group>"; };
		5EB9E31A1B2832A9005B7951 /* Images.xcassets */ = {isa = PBXFileReference; lastKnownFileType = folder.assetcatalog; path = Images.xcassets; sourceTree = "<group>"; };
		5EB9E31D1B2832A9005B7951 /* Base */ = {isa = PBXFileReference; lastKnownFileType = file.xib; name = Base; path = Base.lproj/LaunchScreen.xib; sourceTree = "<group>"; };
		5EB9E3231B2832A9005B7951 /* Iryo_AppTests.xctest */ = {isa = PBXFileReference; explicitFileType = wrapper.cfbundle; includeInIndex = 0; path = Iryo_AppTests.xctest; sourceTree = BUILT_PRODUCTS_DIR; };
		5EB9E3281B2832A9005B7951 /* Info.plist */ = {isa = PBXFileReference; lastKnownFileType = text.plist.xml; path = Info.plist; sourceTree = "<group>"; };
		5EB9E3291B2832A9005B7951 /* Iryo_AppTests.swift */ = {isa = PBXFileReference; lastKnownFileType = sourcecode.swift; path = Iryo_AppTests.swift; sourceTree = "<group>"; };
		5EBBC1B21C149FB0009D65B7 /* topicData.csv */ = {isa = PBXFileReference; fileEncoding = 4; lastKnownFileType = text; path = topicData.csv; sourceTree = "<group>"; };
		5EBBC1B41C149FDC009D65B7 /* tipsData.csv */ = {isa = PBXFileReference; fileEncoding = 4; lastKnownFileType = text; path = tipsData.csv; sourceTree = "<group>"; };
		5EBBC1B61C14E2F3009D65B7 /* ja */ = {isa = PBXFileReference; lastKnownFileType = text.plist.strings; name = ja; path = ja.lproj/Main.strings; sourceTree = "<group>"; };
		5EBBC1B71C14E2F4009D65B7 /* ja */ = {isa = PBXFileReference; lastKnownFileType = text.plist.strings; name = ja; path = ja.lproj/LaunchScreen.strings; sourceTree = "<group>"; };
		5EBF6EDD1BF32B0700295C7F /* cc-library010009109zzavm.jpg */ = {isa = PBXFileReference; lastKnownFileType = image.jpeg; path = "cc-library010009109zzavm.jpg"; sourceTree = "<group>"; };
		5EBF6EDF1BF32B1400295C7F /* 背景.png */ = {isa = PBXFileReference; lastKnownFileType = image.png; path = "背景.png"; sourceTree = "<group>"; };
		5ED5DBE21BE08B0B0088E09A /* Iryo_App-Bridging-Header.h */ = {isa = PBXFileReference; lastKnownFileType = sourcecode.c.h; path = "Iryo_App-Bridging-Header.h"; sourceTree = "<group>"; };
		5EDBF09C1BD7E34000973D30 /* CustomCell.swift */ = {isa = PBXFileReference; fileEncoding = 4; lastKnownFileType = sourcecode.swift; path = CustomCell.swift; sourceTree = "<group>"; };
		5EF6AEAC1BE65C4B009D8E60 /* Top.swift */ = {isa = PBXFileReference; fileEncoding = 4; lastKnownFileType = sourcecode.swift; path = Top.swift; sourceTree = "<group>"; };
		5EF6AEB61BEB3A88009D8E60 /* picture2.swift */ = {isa = PBXFileReference; fileEncoding = 4; lastKnownFileType = sourcecode.swift; path = picture2.swift; sourceTree = "<group>"; };
		6C00D3002AA8A8CE054F84DD /* Pods_Iryo_App.framework */ = {isa = PBXFileReference; explicitFileType = wrapper.framework; includeInIndex = 0; path = Pods_Iryo_App.framework; sourceTree = BUILT_PRODUCTS_DIR; };
		9CE41DF81B3920CE00FEC8D4 /* Article2.swift */ = {isa = PBXFileReference; fileEncoding = 4; lastKnownFileType = sourcecode.swift; path = Article2.swift; sourceTree = "<group>"; };
/* End PBXFileReference section */

/* Begin PBXFrameworksBuildPhase section */
		5EB9E30B1B2832A9005B7951 /* Frameworks */ = {
			isa = PBXFrameworksBuildPhase;
			buildActionMask = 2147483647;
			files = (
				33C70E0DC961AD09313B5755 /* Pods_Iryo_App.framework in Frameworks */,
			);
			runOnlyForDeploymentPostprocessing = 0;
		};
		5EB9E3201B2832A9005B7951 /* Frameworks */ = {
			isa = PBXFrameworksBuildPhase;
			buildActionMask = 2147483647;
			files = (
			);
			runOnlyForDeploymentPostprocessing = 0;
		};
/* End PBXFrameworksBuildPhase section */

/* Begin PBXGroup section */
		5E4E0BF51BFF6EF100297B18 /* TalkViews */ = {
			isa = PBXGroup;
			children = (
				5E7A88EF1BF5D04D00CCC68B /* TalkView.swift */,
				5E7B8BBB1BFDF1F700BBBBF0 /* WelcomeTalkVC.swift */,
				5E94DA921BF5EA1D006D7A56 /* PhotoDetailVC.swift */,
				5E94DA961BFC41D4006D7A56 /* PostDetailVC.swift */,
				5E7A88F11BF5D07A00CCC68B /* PaintVC.swift */,
			);
			name = TalkViews;
			sourceTree = "<group>";
		};
		5E7A88EA1BF5CFA400CCC68B /* CommunicateViews */ = {
			isa = PBXGroup;
			children = (
				5E7A88F31BF5D09600CCC68B /* CommunicateViewCells */,
				5E4E0BF51BFF6EF100297B18 /* TalkViews */,
				5E4E0BEF1BFF6E0000297B18 /* IntentionView.swift */,
				5E4E0BF11BFF6EBA00297B18 /* TopicView.swift */,
				5E4E0BF31BFF6ED600297B18 /* TipsView.swift */,
			);
			name = CommunicateViews;
			sourceTree = "<group>";
		};
		5E7A88F31BF5D09600CCC68B /* CommunicateViewCells */ = {
			isa = PBXGroup;
			children = (
				5E7A88F41BF5D0BB00CCC68B /* BaseTalkViewCell.swift */,
				5E4E0C321C00BB0200297B18 /* IntentionCell.swift */,
				5E4E0C341C00BB1000297B18 /* TopicCell.swift */,
				5E4E0C361C00BB1A00297B18 /* TipsCell.swift */,
			);
			name = CommunicateViewCells;
			sourceTree = "<group>";
		};
		5E8B69381B4B7604006E12B1 /* CustomBaseItem */ = {
			isa = PBXGroup;
			children = (
				5EDBF09C1BD7E34000973D30 /* CustomCell.swift */,
				5E69F2C61B3A6A82005877DC /* BaseArticleViewController.swift */,
				5E8B69361B4B42C2006E12B1 /* CustomNavigationBar.swift */,
				5E8B69391B4B76B4006E12B1 /* Extension.swift */,
				5E7A88EB1BF5D01500CCC68B /* Constants.swift */,
				5E7A88ED1BF5D02D00CCC68B /* SCLAlertView.swift */,
				5E94DA941BFB591E006D7A56 /* Reachability.swift */,
			);
			name = CustomBaseItem;
			sourceTree = "<group>";
		};
		5EAC1F401B33387100473C38 /* Articles for ... */ = {
			isa = PBXGroup;
			children = (
				5EAC1F411B3339A500473C38 /* Article1.swift */,
				9CE41DF81B3920CE00FEC8D4 /* Article2.swift */,
				5E232A3D1B3D4ECC004A34BD /* Article3.swift */,
				5E232A4F1B3D5B6A004A34BD /* com3.swift */,
				5E232A511B3D5C95004A34BD /* Article4.swift */,
				5E232A531B3D5CAB004A34BD /* com4.swift */,
				5E69F2C81B3A85C6005877DC /* Article5.swift */,
			);
			name = "Articles for ...";
			sourceTree = "<group>";
		};
		5EB9E3051B2832A9005B7951 = {
			isa = PBXGroup;
			children = (
				5EB9E3101B2832A9005B7951 /* Iryo_App */,
				5EB9E3261B2832A9005B7951 /* Iryo_AppTests */,
				5EB9E30F1B2832A9005B7951 /* Products */,
				76DF4CD471DED47BBABA4932 /* Pods */,
				7771F81A15CBDD107E68336A /* Frameworks */,
			);
			sourceTree = "<group>";
		};
		5EB9E30F1B2832A9005B7951 /* Products */ = {
			isa = PBXGroup;
			children = (
				5EB9E30E1B2832A9005B7951 /* Iryo_App.app */,
				5EB9E3231B2832A9005B7951 /* Iryo_AppTests.xctest */,
			);
			name = Products;
			sourceTree = "<group>";
		};
		5EB9E3101B2832A9005B7951 /* Iryo_App */ = {
			isa = PBXGroup;
			children = (
				5E8B69381B4B7604006E12B1 /* CustomBaseItem */,
				5EAC1F401B33387100473C38 /* Articles for ... */,
				5E40CCD01B32E2B4007DE681 /* Menu.swift */,
				5E7DADB31B3826B800B9798D /* Menu2.swift */,
				5E7DADB51B38882800B9798D /* Menu3.swift */,
				5EB9E3131B2832A9005B7951 /* AppDelegate.swift */,
				5EF6AEAC1BE65C4B009D8E60 /* Top.swift */,
				5E7A88EA1BF5CFA400CCC68B /* CommunicateViews */,
				5EB9E3151B2832A9005B7951 /* ViewController.swift */,
				5E232A571B3D607D004A34BD /* Checklist.swift */,
				5EAE707E1BD8CFF900893373 /* camera.swift */,
				5EF6AEB61BEB3A88009D8E60 /* picture2.swift */,
				5EAE707A1BD8CC5700893373 /* album.swift */,
				5EAE707C1BD8CC6D00893373 /* HowtoUse.swift */,
				5ED5DBE21BE08B0B0088E09A /* Iryo_App-Bridging-Header.h */,
				5E77311C1BF33DCD0036AE71 /* Main.storyboard */,
				5EB9E31A1B2832A9005B7951 /* Images.xcassets */,
				5EB9E31C1B2832A9005B7951 /* LaunchScreen.xib */,
				5EB9E3111B2832A9005B7951 /* Supporting Files */,
			);
			path = Iryo_App;
			sourceTree = "<group>";
		};
		5EB9E3111B2832A9005B7951 /* Supporting Files */ = {
			isa = PBXGroup;
			children = (
				5E1965661C037E0100D3D3BC /* kind.ttf */,
				5E8588841BFB5E3500CC5269 /* right11.png */,
				5E8588861BFB5E4200CC5269 /* left222.png */,
				5E8588801BFB5E2000CC5269 /* tabi_camera_nikki.png */,
				5E85887C1BFB5D8D00CC5269 /* book_tate.png */,
				5E8588881BFB5E5A00CC5269 /* album_photo.png */,
				5E8588821BFB5E2C00CC5269 /* roujin_TVdenwa.png */,
				5E85887E1BFB5E1400CC5269 /* にこり.png */,
				5E36D23A1B612C520053FBD9 /* Speaker_mute.png */,
				5E36D23B1B612C520053FBD9 /* Speaker_play.png */,
				5E232A551B3D604D004A34BD /* b_simple_124_2L.png */,
				5EBF6EDD1BF32B0700295C7F /* cc-library010009109zzavm.jpg */,
				5EBF6EDF1BF32B1400295C7F /* 背景.png */,
				5E232A3F1B3D5427004A34BD /* b_simple_124_2M.png */,
				5E232A401B3D5427004A34BD /* finger-icon05_r1_c4.png */,
				5E232A411B3D5427004A34BD /* finger-icon05_r1_c42.png */,
				5E232A421B3D5427004A34BD /* おじいさん２.png */,
				5E232A431B3D5427004A34BD /* 医師.png */,
				5E232A441B3D5427004A34BD /* 奥さん.png */,
				5E232A451B3D5427004A34BD /* 奥さん2.png */,
				5E232A461B3D5427004A34BD /* 矢印２.png */,
				5E88AD421B352B66007679A7 /* pic_family.png */,
				5E88AD401B3523BD007679A7 /* homeImg.png */,
				5EAC1F3E1B3316C700473C38 /* ipaexm.ttf */,
				5EAC1F3B1B33132400473C38 /* testFont1.ttf */,
				5EB9E3121B2832A9005B7951 /* Info.plist */,
				5E4E0C381C00F26500297B18 /* intentionData.csv */,
				5EBBC1B21C149FB0009D65B7 /* topicData.csv */,
				5EBBC1B41C149FDC009D65B7 /* tipsData.csv */,
			);
			name = "Supporting Files";
			sourceTree = "<group>";
		};
		5EB9E3261B2832A9005B7951 /* Iryo_AppTests */ = {
			isa = PBXGroup;
			children = (
				5EB9E3291B2832A9005B7951 /* Iryo_AppTests.swift */,
				5EB9E3271B2832A9005B7951 /* Supporting Files */,
			);
			path = Iryo_AppTests;
			sourceTree = "<group>";
		};
		5EB9E3271B2832A9005B7951 /* Supporting Files */ = {
			isa = PBXGroup;
			children = (
				5EB9E3281B2832A9005B7951 /* Info.plist */,
			);
			name = "Supporting Files";
			sourceTree = "<group>";
		};
		76DF4CD471DED47BBABA4932 /* Pods */ = {
			isa = PBXGroup;
			children = (
				5319233DCDCB6E2EB52F1702 /* Pods-Iryo_App.debug.xcconfig */,
				26290DFC9D42914B8B1EA88B /* Pods-Iryo_App.release.xcconfig */,
			);
			name = Pods;
			sourceTree = "<group>";
		};
		7771F81A15CBDD107E68336A /* Frameworks */ = {
			isa = PBXGroup;
			children = (
				6C00D3002AA8A8CE054F84DD /* Pods_Iryo_App.framework */,
			);
			name = Frameworks;
			sourceTree = "<group>";
		};
/* End PBXGroup section */

/* Begin PBXNativeTarget section */
		5EB9E30D1B2832A9005B7951 /* Iryo_App */ = {
			isa = PBXNativeTarget;
			buildConfigurationList = 5EB9E32D1B2832A9005B7951 /* Build configuration list for PBXNativeTarget "Iryo_App" */;
			buildPhases = (
				5A753155FE9AAFAA4EAA2957 /* Check Pods Manifest.lock */,
				5EB9E30A1B2832A9005B7951 /* Sources */,
				5EB9E30B1B2832A9005B7951 /* Frameworks */,
				5EB9E30C1B2832A9005B7951 /* Resources */,
				D00A1E74BF1CD19420D82026 /* Embed Pods Frameworks */,
				CAD0CA2959AADCEB5E7033BF /* Copy Pods Resources */,
			);
			buildRules = (
			);
			dependencies = (
			);
			name = Iryo_App;
			productName = Iryo_App;
			productReference = 5EB9E30E1B2832A9005B7951 /* Iryo_App.app */;
			productType = "com.apple.product-type.application";
		};
		5EB9E3221B2832A9005B7951 /* Iryo_AppTests */ = {
			isa = PBXNativeTarget;
			buildConfigurationList = 5EB9E3301B2832A9005B7951 /* Build configuration list for PBXNativeTarget "Iryo_AppTests" */;
			buildPhases = (
				5EB9E31F1B2832A9005B7951 /* Sources */,
				5EB9E3201B2832A9005B7951 /* Frameworks */,
				5EB9E3211B2832A9005B7951 /* Resources */,
			);
			buildRules = (
			);
			dependencies = (
				5EB9E3251B2832A9005B7951 /* PBXTargetDependency */,
			);
			name = Iryo_AppTests;
			productName = Iryo_AppTests;
			productReference = 5EB9E3231B2832A9005B7951 /* Iryo_AppTests.xctest */;
			productType = "com.apple.product-type.bundle.unit-test";
		};
/* End PBXNativeTarget section */

/* Begin PBXProject section */
		5EB9E3061B2832A9005B7951 /* Project object */ = {
			isa = PBXProject;
			attributes = {
				LastSwiftMigration = 0700;
				LastSwiftUpdateCheck = 0700;
				LastUpgradeCheck = 0710;
				ORGANIZATIONNAME = "伊藤恵研究室メンバ";
				TargetAttributes = {
					5EB9E30D1B2832A9005B7951 = {
						CreatedOnToolsVersion = 6.3.2;
						DevelopmentTeam = QY45QQ26SH;
					};
					5EB9E3221B2832A9005B7951 = {
						CreatedOnToolsVersion = 6.3.2;
						TestTargetID = 5EB9E30D1B2832A9005B7951;
					};
				};
			};
			buildConfigurationList = 5EB9E3091B2832A9005B7951 /* Build configuration list for PBXProject "Iryo_App" */;
			compatibilityVersion = "Xcode 3.2";
			developmentRegion = English;
			hasScannedForEncodings = 0;
			knownRegions = (
				en,
				Base,
			);
			mainGroup = 5EB9E3051B2832A9005B7951;
			productRefGroup = 5EB9E30F1B2832A9005B7951 /* Products */;
			projectDirPath = "";
			projectRoot = "";
			targets = (
				5EB9E30D1B2832A9005B7951 /* Iryo_App */,
				5EB9E3221B2832A9005B7951 /* Iryo_AppTests */,
			);
		};
/* End PBXProject section */

/* Begin PBXResourcesBuildPhase section */
		5EB9E30C1B2832A9005B7951 /* Resources */ = {
			isa = PBXResourcesBuildPhase;
			buildActionMask = 2147483647;
			files = (
				5EBF6EE01BF32B1400295C7F /* 背景.png in Resources */,
				5E88AD431B352B66007679A7 /* pic_family.png in Resources */,
				5E232A4C1B3D5427004A34BD /* 奥さん.png in Resources */,
				5EBF6EDE1BF32B0700295C7F /* cc-library010009109zzavm.jpg in Resources */,
				5E8588891BFB5E5A00CC5269 /* album_photo.png in Resources */,
				5EBBC1B51C149FDC009D65B7 /* tipsData.csv in Resources */,
				5EB9E31E1B2832A9005B7951 /* LaunchScreen.xib in Resources */,
				5E85887F1BFB5E1400CC5269 /* にこり.png in Resources */,
				5E8588871BFB5E4200CC5269 /* left222.png in Resources */,
				5E232A4A1B3D5427004A34BD /* おじいさん２.png in Resources */,
				5E232A561B3D604D004A34BD /* b_simple_124_2L.png in Resources */,
				5E88AD411B3523BD007679A7 /* homeImg.png in Resources */,
				5E36D23D1B612C520053FBD9 /* Speaker_play.png in Resources */,
				5E4E0C391C00F26500297B18 /* intentionData.csv in Resources */,
				5E85887D1BFB5D8D00CC5269 /* book_tate.png in Resources */,
				5EAC1F3F1B3316C700473C38 /* ipaexm.ttf in Resources */,
				5E1965671C037E0100D3D3BC /* kind.ttf in Resources */,
				5E232A491B3D5427004A34BD /* finger-icon05_r1_c42.png in Resources */,
				5E8588831BFB5E2C00CC5269 /* roujin_TVdenwa.png in Resources */,
				5EBBC1B31C149FB0009D65B7 /* topicData.csv in Resources */,
				5E77311E1BF33DCD0036AE71 /* Main.storyboard in Resources */,
				5E232A4B1B3D5427004A34BD /* 医師.png in Resources */,
				5E232A481B3D5427004A34BD /* finger-icon05_r1_c4.png in Resources */,
				5E232A4E1B3D5427004A34BD /* 矢印２.png in Resources */,
				5E232A471B3D5427004A34BD /* b_simple_124_2M.png in Resources */,
				5E36D23C1B612C520053FBD9 /* Speaker_mute.png in Resources */,
				5EAC1F3D1B33162400473C38 /* testFont1.ttf in Resources */,
				5E232A4D1B3D5427004A34BD /* 奥さん2.png in Resources */,
				5EB9E31B1B2832A9005B7951 /* Images.xcassets in Resources */,
				5E8588851BFB5E3500CC5269 /* right11.png in Resources */,
				5E8588811BFB5E2000CC5269 /* tabi_camera_nikki.png in Resources */,
			);
			runOnlyForDeploymentPostprocessing = 0;
		};
		5EB9E3211B2832A9005B7951 /* Resources */ = {
			isa = PBXResourcesBuildPhase;
			buildActionMask = 2147483647;
			files = (
			);
			runOnlyForDeploymentPostprocessing = 0;
		};
/* End PBXResourcesBuildPhase section */

/* Begin PBXShellScriptBuildPhase section */
		5A753155FE9AAFAA4EAA2957 /* Check Pods Manifest.lock */ = {
			isa = PBXShellScriptBuildPhase;
			buildActionMask = 2147483647;
			files = (
			);
			inputPaths = (
			);
			name = "Check Pods Manifest.lock";
			outputPaths = (
			);
			runOnlyForDeploymentPostprocessing = 0;
			shellPath = /bin/sh;
			shellScript = "diff \"${PODS_ROOT}/../Podfile.lock\" \"${PODS_ROOT}/Manifest.lock\" > /dev/null\nif [[ $? != 0 ]] ; then\n    cat << EOM\nerror: The sandbox is not in sync with the Podfile.lock. Run 'pod install' or update your CocoaPods installation.\nEOM\n    exit 1\nfi\n";
			showEnvVarsInLog = 0;
		};
		CAD0CA2959AADCEB5E7033BF /* Copy Pods Resources */ = {
			isa = PBXShellScriptBuildPhase;
			buildActionMask = 2147483647;
			files = (
			);
			inputPaths = (
			);
			name = "Copy Pods Resources";
			outputPaths = (
			);
			runOnlyForDeploymentPostprocessing = 0;
			shellPath = /bin/sh;
			shellScript = "\"${SRCROOT}/Pods/Target Support Files/Pods-Iryo_App/Pods-Iryo_App-resources.sh\"\n";
			showEnvVarsInLog = 0;
		};
		D00A1E74BF1CD19420D82026 /* Embed Pods Frameworks */ = {
			isa = PBXShellScriptBuildPhase;
			buildActionMask = 2147483647;
			files = (
			);
			inputPaths = (
			);
			name = "Embed Pods Frameworks";
			outputPaths = (
			);
			runOnlyForDeploymentPostprocessing = 0;
			shellPath = /bin/sh;
			shellScript = "\"${SRCROOT}/Pods/Target Support Files/Pods-Iryo_App/Pods-Iryo_App-frameworks.sh\"\n";
			showEnvVarsInLog = 0;
		};
/* End PBXShellScriptBuildPhase section */

/* Begin PBXSourcesBuildPhase section */
		5EB9E30A1B2832A9005B7951 /* Sources */ = {
			isa = PBXSourcesBuildPhase;
			buildActionMask = 2147483647;
			files = (
				5E7A88EC1BF5D01500CCC68B /* Constants.swift in Sources */,
				5E4E0BF01BFF6E0000297B18 /* IntentionView.swift in Sources */,
				5EF6AEB71BEB3A89009D8E60 /* picture2.swift in Sources */,
				5E7A88F21BF5D07A00CCC68B /* PaintVC.swift in Sources */,
				5E7B8BBC1BFDF1F700BBBBF0 /* WelcomeTalkVC.swift in Sources */,
				5E232A3E1B3D4ECC004A34BD /* Article3.swift in Sources */,
				5E40CCD21B32E325007DE681 /* Menu.swift in Sources */,
				5E7A88F01BF5D04D00CCC68B /* TalkView.swift in Sources */,
				5E8B693A1B4B76B4006E12B1 /* Extension.swift in Sources */,
				5E94DA971BFC41D4006D7A56 /* PostDetailVC.swift in Sources */,
				5E94DA951BFB591F006D7A56 /* Reachability.swift in Sources */,
				5E232A501B3D5B6A004A34BD /* com3.swift in Sources */,
				5E4E0C371C00BB1A00297B18 /* TipsCell.swift in Sources */,
				5EDBF09D1BD7E34000973D30 /* CustomCell.swift in Sources */,
				5EB9E3161B2832A9005B7951 /* ViewController.swift in Sources */,
				5E4E0BF21BFF6EBA00297B18 /* TopicView.swift in Sources */,
				9CE41DF91B3920CE00FEC8D4 /* Article2.swift in Sources */,
				5E232A541B3D5CAB004A34BD /* com4.swift in Sources */,
				5E7A88EE1BF5D02D00CCC68B /* SCLAlertView.swift in Sources */,
				5E69F2C91B3A85C6005877DC /* Article5.swift in Sources */,
				5EAE707F1BD8CFF900893373 /* camera.swift in Sources */,
				5E69F2C71B3A6A82005877DC /* BaseArticleViewController.swift in Sources */,
				5E232A581B3D607D004A34BD /* Checklist.swift in Sources */,
				5E4E0C331C00BB0200297B18 /* IntentionCell.swift in Sources */,
				5E8B69371B4B42C2006E12B1 /* CustomNavigationBar.swift in Sources */,
				5EF6AEAD1BE65C4B009D8E60 /* Top.swift in Sources */,
				5E4E0C351C00BB1000297B18 /* TopicCell.swift in Sources */,
				5E232A521B3D5C95004A34BD /* Article4.swift in Sources */,
				5EAC1F421B3339A500473C38 /* Article1.swift in Sources */,
				5EB9E3141B2832A9005B7951 /* AppDelegate.swift in Sources */,
				5EAE707D1BD8CC6D00893373 /* HowtoUse.swift in Sources */,
				5E94DA931BF5EA1D006D7A56 /* PhotoDetailVC.swift in Sources */,
				5E7A88F51BF5D0BB00CCC68B /* BaseTalkViewCell.swift in Sources */,
				5E7DADB61B38882800B9798D /* Menu3.swift in Sources */,
				5E7DADB41B3826B800B9798D /* Menu2.swift in Sources */,
				5E4E0BF41BFF6ED700297B18 /* TipsView.swift in Sources */,
				5EAE707B1BD8CC5700893373 /* album.swift in Sources */,
			);
			runOnlyForDeploymentPostprocessing = 0;
		};
		5EB9E31F1B2832A9005B7951 /* Sources */ = {
			isa = PBXSourcesBuildPhase;
			buildActionMask = 2147483647;
			files = (
				5EB9E32A1B2832A9005B7951 /* Iryo_AppTests.swift in Sources */,
			);
			runOnlyForDeploymentPostprocessing = 0;
		};
/* End PBXSourcesBuildPhase section */

/* Begin PBXTargetDependency section */
		5EB9E3251B2832A9005B7951 /* PBXTargetDependency */ = {
			isa = PBXTargetDependency;
			target = 5EB9E30D1B2832A9005B7951 /* Iryo_App */;
			targetProxy = 5EB9E3241B2832A9005B7951 /* PBXContainerItemProxy */;
		};
/* End PBXTargetDependency section */

/* Begin PBXVariantGroup section */
		5E77311C1BF33DCD0036AE71 /* Main.storyboard */ = {
			isa = PBXVariantGroup;
			children = (
				5E77311D1BF33DCD0036AE71 /* Base */,
				5EBBC1B61C14E2F3009D65B7 /* ja */,
			);
			name = Main.storyboard;
			sourceTree = "<group>";
		};
		5EB9E31C1B2832A9005B7951 /* LaunchScreen.xib */ = {
			isa = PBXVariantGroup;
			children = (
				5EB9E31D1B2832A9005B7951 /* Base */,
				5EBBC1B71C14E2F4009D65B7 /* ja */,
			);
			name = LaunchScreen.xib;
			sourceTree = "<group>";
		};
/* End PBXVariantGroup section */

/* Begin XCBuildConfiguration section */
		5EB9E32B1B2832A9005B7951 /* Debug */ = {
			isa = XCBuildConfiguration;
			buildSettings = {
				ALWAYS_SEARCH_USER_PATHS = NO;
				CLANG_CXX_LANGUAGE_STANDARD = "gnu++0x";
				CLANG_CXX_LIBRARY = "libc++";
				CLANG_ENABLE_MODULES = YES;
				CLANG_ENABLE_OBJC_ARC = YES;
				CLANG_WARN_BOOL_CONVERSION = YES;
				CLANG_WARN_CONSTANT_CONVERSION = YES;
				CLANG_WARN_DIRECT_OBJC_ISA_USAGE = YES_ERROR;
				CLANG_WARN_EMPTY_BODY = YES;
				CLANG_WARN_ENUM_CONVERSION = YES;
				CLANG_WARN_INT_CONVERSION = YES;
				CLANG_WARN_OBJC_ROOT_CLASS = YES_ERROR;
				CLANG_WARN_UNREACHABLE_CODE = YES;
				CLANG_WARN__DUPLICATE_METHOD_MATCH = YES;
				CODE_SIGN_IDENTITY = "";
				"CODE_SIGN_IDENTITY[sdk=iphoneos*]" = "iPhone Developer";
				COPY_PHASE_STRIP = NO;
				DEBUG_INFORMATION_FORMAT = "dwarf-with-dsym";
				ENABLE_STRICT_OBJC_MSGSEND = YES;
				ENABLE_TESTABILITY = YES;
				GCC_C_LANGUAGE_STANDARD = gnu99;
				GCC_DYNAMIC_NO_PIC = NO;
				GCC_NO_COMMON_BLOCKS = YES;
				GCC_OPTIMIZATION_LEVEL = 0;
				GCC_PREPROCESSOR_DEFINITIONS = (
					"DEBUG=1",
					"$(inherited)",
				);
				GCC_SYMBOLS_PRIVATE_EXTERN = NO;
				GCC_WARN_64_TO_32_BIT_CONVERSION = YES;
				GCC_WARN_ABOUT_RETURN_TYPE = YES_ERROR;
				GCC_WARN_UNDECLARED_SELECTOR = YES;
				GCC_WARN_UNINITIALIZED_AUTOS = YES_AGGRESSIVE;
				GCC_WARN_UNUSED_FUNCTION = YES;
				GCC_WARN_UNUSED_VARIABLE = YES;
				IPHONEOS_DEPLOYMENT_TARGET = 8.1;
				MTL_ENABLE_DEBUG_INFO = YES;
				ONLY_ACTIVE_ARCH = YES;
				PODS_ROOT = "${SRCROOT}/Pods";
				SDKROOT = iphoneos;
				SWIFT_OPTIMIZATION_LEVEL = "-Onone";
				TARGETED_DEVICE_FAMILY = 2;
			};
			name = Debug;
		};
		5EB9E32C1B2832A9005B7951 /* Release */ = {
			isa = XCBuildConfiguration;
			buildSettings = {
				ALWAYS_SEARCH_USER_PATHS = NO;
				CLANG_CXX_LANGUAGE_STANDARD = "gnu++0x";
				CLANG_CXX_LIBRARY = "libc++";
				CLANG_ENABLE_MODULES = YES;
				CLANG_ENABLE_OBJC_ARC = YES;
				CLANG_WARN_BOOL_CONVERSION = YES;
				CLANG_WARN_CONSTANT_CONVERSION = YES;
				CLANG_WARN_DIRECT_OBJC_ISA_USAGE = YES_ERROR;
				CLANG_WARN_EMPTY_BODY = YES;
				CLANG_WARN_ENUM_CONVERSION = YES;
				CLANG_WARN_INT_CONVERSION = YES;
				CLANG_WARN_OBJC_ROOT_CLASS = YES_ERROR;
				CLANG_WARN_UNREACHABLE_CODE = YES;
				CLANG_WARN__DUPLICATE_METHOD_MATCH = YES;
				"CODE_SIGN_IDENTITY[sdk=iphoneos*]" = "iPhone Developer";
				COPY_PHASE_STRIP = NO;
				DEBUG_INFORMATION_FORMAT = "dwarf-with-dsym";
				ENABLE_NS_ASSERTIONS = NO;
				ENABLE_STRICT_OBJC_MSGSEND = YES;
				GCC_C_LANGUAGE_STANDARD = gnu99;
				GCC_NO_COMMON_BLOCKS = YES;
				GCC_WARN_64_TO_32_BIT_CONVERSION = YES;
				GCC_WARN_ABOUT_RETURN_TYPE = YES_ERROR;
				GCC_WARN_UNDECLARED_SELECTOR = YES;
				GCC_WARN_UNINITIALIZED_AUTOS = YES_AGGRESSIVE;
				GCC_WARN_UNUSED_FUNCTION = YES;
				GCC_WARN_UNUSED_VARIABLE = YES;
				IPHONEOS_DEPLOYMENT_TARGET = 8.1;
				MTL_ENABLE_DEBUG_INFO = NO;
				PODS_ROOT = "${SRCROOT}/Pods";
				SDKROOT = iphoneos;
				TARGETED_DEVICE_FAMILY = 2;
				VALIDATE_PRODUCT = YES;
			};
			name = Release;
		};
		5EB9E32E1B2832A9005B7951 /* Debug */ = {
			isa = XCBuildConfiguration;
			baseConfigurationReference = 5319233DCDCB6E2EB52F1702 /* Pods-Iryo_App.debug.xcconfig */;
			buildSettings = {
				ASSETCATALOG_COMPILER_APPICON_NAME = AppIcon;
				CODE_SIGN_IDENTITY = "iPhone Developer";
				"CODE_SIGN_IDENTITY[sdk=iphoneos*]" = "iPhone Developer";
				DEFINES_MODULE = YES;
				INFOPLIST_FILE = Iryo_App/Info.plist;
				IPHONEOS_DEPLOYMENT_TARGET = 8.1;
				LD_RUNPATH_SEARCH_PATHS = "$(inherited) @executable_path/Frameworks";
				PRODUCT_BUNDLE_IDENTIFIER = "com.sfn.Iryo-App--";
				PRODUCT_NAME = "$(TARGET_NAME)";
				PROVISIONING_PROFILE = "";
				SWIFT_OBJC_BRIDGING_HEADER = "Iryo_App/Iryo_App-Bridging-Header.h";
			};
			name = Debug;
		};
		5EB9E32F1B2832A9005B7951 /* Release */ = {
			isa = XCBuildConfiguration;
			baseConfigurationReference = 26290DFC9D42914B8B1EA88B /* Pods-Iryo_App.release.xcconfig */;
			buildSettings = {
				ASSETCATALOG_COMPILER_APPICON_NAME = AppIcon;
				CODE_SIGN_IDENTITY = "iPhone Developer";
				"CODE_SIGN_IDENTITY[sdk=iphoneos*]" = "iPhone Developer";
				DEFINES_MODULE = YES;
				INFOPLIST_FILE = Iryo_App/Info.plist;
				IPHONEOS_DEPLOYMENT_TARGET = 8.1;
				LD_RUNPATH_SEARCH_PATHS = "$(inherited) @executable_path/Frameworks";
				PRODUCT_BUNDLE_IDENTIFIER = "com.sfn.Iryo-App--";
				PRODUCT_NAME = "$(TARGET_NAME)";
				PROVISIONING_PROFILE = "";
				SWIFT_OBJC_BRIDGING_HEADER = "Iryo_App/Iryo_App-Bridging-Header.h";
			};
			name = Release;
		};
		5EB9E3311B2832A9005B7951 /* Debug */ = {
			isa = XCBuildConfiguration;
			buildSettings = {
				BUNDLE_LOADER = "$(TEST_HOST)";
				FRAMEWORK_SEARCH_PATHS = (
					"$(SDKROOT)/Developer/Library/Frameworks",
					"$(inherited)",
				);
				GCC_PREPROCESSOR_DEFINITIONS = (
					"DEBUG=1",
					"$(inherited)",
				);
				INFOPLIST_FILE = Iryo_AppTests/Info.plist;
				LD_RUNPATH_SEARCH_PATHS = "$(inherited) @executable_path/Frameworks @loader_path/Frameworks";
				PRODUCT_BUNDLE_IDENTIFIER = "com.----------.$(PRODUCT_NAME:rfc1034identifier)";
				PRODUCT_NAME = "$(TARGET_NAME)";
				TEST_HOST = "$(BUILT_PRODUCTS_DIR)/Iryo_App.app/Iryo_App";
			};
			name = Debug;
		};
		5EB9E3321B2832A9005B7951 /* Release */ = {
			isa = XCBuildConfiguration;
			buildSettings = {
				BUNDLE_LOADER = "$(TEST_HOST)";
				FRAMEWORK_SEARCH_PATHS = (
					"$(SDKROOT)/Developer/Library/Frameworks",
					"$(inherited)",
				);
				INFOPLIST_FILE = Iryo_AppTests/Info.plist;
				LD_RUNPATH_SEARCH_PATHS = "$(inherited) @executable_path/Frameworks @loader_path/Frameworks";
				PRODUCT_BUNDLE_IDENTIFIER = "com.----------.$(PRODUCT_NAME:rfc1034identifier)";
				PRODUCT_NAME = "$(TARGET_NAME)";
				TEST_HOST = "$(BUILT_PRODUCTS_DIR)/Iryo_App.app/Iryo_App";
			};
			name = Release;
		};
/* End XCBuildConfiguration section */

/* Begin XCConfigurationList section */
		5EB9E3091B2832A9005B7951 /* Build configuration list for PBXProject "Iryo_App" */ = {
			isa = XCConfigurationList;
			buildConfigurations = (
				5EB9E32B1B2832A9005B7951 /* Debug */,
				5EB9E32C1B2832A9005B7951 /* Release */,
			);
			defaultConfigurationIsVisible = 0;
			defaultConfigurationName = Release;
		};
		5EB9E32D1B2832A9005B7951 /* Build configuration list for PBXNativeTarget "Iryo_App" */ = {
			isa = XCConfigurationList;
			buildConfigurations = (
				5EB9E32E1B2832A9005B7951 /* Debug */,
				5EB9E32F1B2832A9005B7951 /* Release */,
			);
			defaultConfigurationIsVisible = 0;
			defaultConfigurationName = Release;
		};
		5EB9E3301B2832A9005B7951 /* Build configuration list for PBXNativeTarget "Iryo_AppTests" */ = {
			isa = XCConfigurationList;
			buildConfigurations = (
				5EB9E3311B2832A9005B7951 /* Debug */,
				5EB9E3321B2832A9005B7951 /* Release */,
			);
			defaultConfigurationIsVisible = 0;
			defaultConfigurationName = Release;
		};
/* End XCConfigurationList section */
	};
	rootObject = 5EB9E3061B2832A9005B7951 /* Project object */;
}
